
Microsoft Visual Studio Solution File, Format Version 12.00
# Visual Studio Version 17
VisualStudioVersion = 17.9.34723.18
MinimumVisualStudioVersion = 10.0.40219.1
Project("{FAE04EC0-301F-11D3-BF4B-00C04F79EFBC}") = "CloudDev_POE", "CloudDev_POE\CloudDev_POE.csproj", "{0F703FEA-E0C1-4671-AD9B-781037E93B22}"
EndProject
Global
	GlobalSection(SolutionConfigurationPlatforms) = preSolution
		Debug|Any CPU = Debug|Any CPU
		Release|Any CPU = Release|Any CPU
	EndGlobalSection
	GlobalSection(ProjectConfigurationPlatforms) = postSolution
		{0F703FEA-E0C1-4671-AD9B-781037E93B22}.Debug|Any CPU.ActiveCfg = Debug|Any CPU
		{0F703FEA-E0C1-4671-AD9B-781037E93B22}.Debug|Any CPU.Build.0 = Debug|Any CPU
		{0F703FEA-E0C1-4671-AD9B-781037E93B22}.Release|Any CPU.ActiveCfg = Release|Any CPU
		{0F703FEA-E0C1-4671-AD9B-781037E93B22}.Release|Any CPU.Build.0 = Release|Any CPU
	EndGlobalSection
	GlobalSection(SolutionProperties) = preSolution
		HideSolutionNode = FALSE
	EndGlobalSection
	GlobalSection(ExtensibilityGlobals) = postSolution
		SolutionGuid = {60CF3F07-2842-4893-9C4E-B884080538C6}
	EndGlobalSection
EndGlobal
